
Microsoft Visual Studio Solution File, Format Version 12.00
# Visual Studio Version 17
VisualStudioVersion = 17.14.36603.0 d17.14
MinimumVisualStudioVersion = 10.0.40219.1
Project("{FAE04EC0-301F-11D3-BF4B-00C04F79EFBC}") = "Client-Application", "Client-Application\Client-Application.csproj", "{4E883F3F-C2BE-4BB4-B735-CB1ED519D627}"
EndProject
Global
	GlobalSection(SolutionConfigurationPlatforms) = preSolution
		Debug|Any CPU = Debug|Any CPU
		Release|Any CPU = Release|Any CPU
	EndGlobalSection
	GlobalSection(ProjectConfigurationPlatforms) = postSolution
		{4E883F3F-C2BE-4BB4-B735-CB1ED519D627}.Debug|Any CPU.ActiveCfg = Debug|Any CPU
		{4E883F3F-C2BE-4BB4-B735-CB1ED519D627}.Debug|Any CPU.Build.0 = Debug|Any CPU
		{4E883F3F-C2BE-4BB4-B735-CB1ED519D627}.Release|Any CPU.ActiveCfg = Release|Any CPU
		{4E883F3F-C2BE-4BB4-B735-CB1ED519D627}.Release|Any CPU.Build.0 = Release|Any CPU
	EndGlobalSection
	GlobalSection(SolutionProperties) = preSolution
		HideSolutionNode = FALSE
	EndGlobalSection
	GlobalSection(ExtensibilityGlobals) = postSolution
		SolutionGuid = {20A03993-6656-4E13-86F4-EC278CD08714}
	EndGlobalSection
EndGlobal
